
Microsoft Visual Studio Solution File, Format Version 12.00
# Visual Studio Version 17
VisualStudioVersion = 17.1.32319.34
MinimumVisualStudioVersion = 10.0.40219.1
Project("{FAE04EC0-301F-11D3-BF4B-00C04F79EFBC}") = "UI.Test.Project", "UI.Test.Project\UI.Test.Project.csproj", "{3C806F5C-3AD5-4FAF-8DFF-F41969CBDFEC}"
EndProject
Project("{FAE04EC0-301F-11D3-BF4B-00C04F79EFBC}") = "Api.Test.Project", "Api.Test.Project\Api.Test.Project.csproj", "{459CED2C-C774-4D07-8576-560040033C14}"
EndProject
Project("{FAE04EC0-301F-11D3-BF4B-00C04F79EFBC}") = "Test.Helper.Project", "Test.Helper.Project\Test.Helper.Project.csproj", "{C8EE4FAC-8B4D-47E3-A835-55935C0408CE}"
EndProject
Global
	GlobalSection(SolutionConfigurationPlatforms) = preSolution
		Debug|Any CPU = Debug|Any CPU
		Release|Any CPU = Release|Any CPU
	EndGlobalSection
	GlobalSection(ProjectConfigurationPlatforms) = postSolution
		{3C806F5C-3AD5-4FAF-8DFF-F41969CBDFEC}.Debug|Any CPU.ActiveCfg = Debug|Any CPU
		{3C806F5C-3AD5-4FAF-8DFF-F41969CBDFEC}.Debug|Any CPU.Build.0 = Debug|Any CPU
		{3C806F5C-3AD5-4FAF-8DFF-F41969CBDFEC}.Release|Any CPU.ActiveCfg = Release|Any CPU
		{3C806F5C-3AD5-4FAF-8DFF-F41969CBDFEC}.Release|Any CPU.Build.0 = Release|Any CPU
		{459CED2C-C774-4D07-8576-560040033C14}.Debug|Any CPU.ActiveCfg = Debug|Any CPU
		{459CED2C-C774-4D07-8576-560040033C14}.Debug|Any CPU.Build.0 = Debug|Any CPU
		{459CED2C-C774-4D07-8576-560040033C14}.Release|Any CPU.ActiveCfg = Release|Any CPU
		{459CED2C-C774-4D07-8576-560040033C14}.Release|Any CPU.Build.0 = Release|Any CPU
		{C8EE4FAC-8B4D-47E3-A835-55935C0408CE}.Debug|Any CPU.ActiveCfg = Debug|Any CPU
		{C8EE4FAC-8B4D-47E3-A835-55935C0408CE}.Debug|Any CPU.Build.0 = Debug|Any CPU
		{C8EE4FAC-8B4D-47E3-A835-55935C0408CE}.Release|Any CPU.ActiveCfg = Release|Any CPU
		{C8EE4FAC-8B4D-47E3-A835-55935C0408CE}.Release|Any CPU.Build.0 = Release|Any CPU
	EndGlobalSection
	GlobalSection(SolutionProperties) = preSolution
		HideSolutionNode = FALSE
	EndGlobalSection
	GlobalSection(ExtensibilityGlobals) = postSolution
		SolutionGuid = {C49384A7-C134-4402-9E20-BAEECCBF0019}
	EndGlobalSection
EndGlobal
